
Microsoft Visual Studio Solution File, Format Version 12.00
# Visual Studio Version 16
VisualStudioVersion = 16.0.31019.35
MinimumVisualStudioVersion = 10.0.40219.1
Project("{FAE04EC0-301F-11D3-BF4B-00C04F79EFBC}") = "GraphQL-Shop", "GraphQL-Shop\GraphQL-Shop.csproj", "{82DFD7D9-9209-4DD9-8E8F-99BC5D4F0BB2}"
EndProject
Project("{FAE04EC0-301F-11D3-BF4B-00C04F79EFBC}") = "GraphQL-Shop.DataAccess", "GraphQL-Shop.DataAccess\GraphQL-Shop.DataAccess.csproj", "{C350F12F-1EA1-4133-9E3D-AFBB993CB34E}"
EndProject
Project("{FAE04EC0-301F-11D3-BF4B-00C04F79EFBC}") = "GraphQL-Shop.Database", "GraphQL-Shop.Database\GraphQL-Shop.Database.csproj", "{8066C9B6-F733-495E-A7BB-0418DECE382B}"
EndProject
Project("{FAE04EC0-301F-11D3-BF4B-00C04F79EFBC}") = "GraphQL-Shop.Types", "GraphQL-Shop.Types\GraphQL-Shop.Types.csproj", "{5F18CF82-17B9-4046-93EE-4157FAB27841}"
EndProject
Project("{FAE04EC0-301F-11D3-BF4B-00C04F79EFBC}") = "GraphQL-Shop.Utilities", "GraphQL-Shop.Utilities\GraphQL-Shop.Utilities.csproj", "{4E733A44-FA78-478B-9E26-1BFD0FBDD1E4}"
EndProject
Global
	GlobalSection(SolutionConfigurationPlatforms) = preSolution
		Debug|Any CPU = Debug|Any CPU
		Release|Any CPU = Release|Any CPU
	EndGlobalSection
	GlobalSection(ProjectConfigurationPlatforms) = postSolution
		{82DFD7D9-9209-4DD9-8E8F-99BC5D4F0BB2}.Debug|Any CPU.ActiveCfg = Debug|Any CPU
		{82DFD7D9-9209-4DD9-8E8F-99BC5D4F0BB2}.Debug|Any CPU.Build.0 = Debug|Any CPU
		{82DFD7D9-9209-4DD9-8E8F-99BC5D4F0BB2}.Release|Any CPU.ActiveCfg = Release|Any CPU
		{82DFD7D9-9209-4DD9-8E8F-99BC5D4F0BB2}.Release|Any CPU.Build.0 = Release|Any CPU
		{C350F12F-1EA1-4133-9E3D-AFBB993CB34E}.Debug|Any CPU.ActiveCfg = Debug|Any CPU
		{C350F12F-1EA1-4133-9E3D-AFBB993CB34E}.Debug|Any CPU.Build.0 = Debug|Any CPU
		{C350F12F-1EA1-4133-9E3D-AFBB993CB34E}.Release|Any CPU.ActiveCfg = Release|Any CPU
		{C350F12F-1EA1-4133-9E3D-AFBB993CB34E}.Release|Any CPU.Build.0 = Release|Any CPU
		{8066C9B6-F733-495E-A7BB-0418DECE382B}.Debug|Any CPU.ActiveCfg = Debug|Any CPU
		{8066C9B6-F733-495E-A7BB-0418DECE382B}.Debug|Any CPU.Build.0 = Debug|Any CPU
		{8066C9B6-F733-495E-A7BB-0418DECE382B}.Release|Any CPU.ActiveCfg = Release|Any CPU
		{8066C9B6-F733-495E-A7BB-0418DECE382B}.Release|Any CPU.Build.0 = Release|Any CPU
		{5F18CF82-17B9-4046-93EE-4157FAB27841}.Debug|Any CPU.ActiveCfg = Debug|Any CPU
		{5F18CF82-17B9-4046-93EE-4157FAB27841}.Debug|Any CPU.Build.0 = Debug|Any CPU
		{5F18CF82-17B9-4046-93EE-4157FAB27841}.Release|Any CPU.ActiveCfg = Release|Any CPU
		{5F18CF82-17B9-4046-93EE-4157FAB27841}.Release|Any CPU.Build.0 = Release|Any CPU
		{4E733A44-FA78-478B-9E26-1BFD0FBDD1E4}.Debug|Any CPU.ActiveCfg = Debug|Any CPU
		{4E733A44-FA78-478B-9E26-1BFD0FBDD1E4}.Debug|Any CPU.Build.0 = Debug|Any CPU
		{4E733A44-FA78-478B-9E26-1BFD0FBDD1E4}.Release|Any CPU.ActiveCfg = Release|Any CPU
		{4E733A44-FA78-478B-9E26-1BFD0FBDD1E4}.Release|Any CPU.Build.0 = Release|Any CPU
	EndGlobalSection
	GlobalSection(SolutionProperties) = preSolution
		HideSolutionNode = FALSE
	EndGlobalSection
	GlobalSection(ExtensibilityGlobals) = postSolution
		SolutionGuid = {F6326A1D-7495-42DD-B23E-7CD901074A69}
	EndGlobalSection
EndGlobal
